
Microsoft Visual Studio Solution File, Format Version 12.00
# Visual Studio Version 17
VisualStudioVersion = 17.6.33829.357
MinimumVisualStudioVersion = 10.0.40219.1
Project("{FAE04EC0-301F-11D3-BF4B-00C04F79EFBC}") = "ConsoleFinanceApp", "ConsoleFinanceApp.csproj", "{B8E2648D-158E-4344-83C9-C52CC1A0E499}"
EndProject
Project("{FAE04EC0-301F-11D3-BF4B-00C04F79EFBC}") = "PersonalFinanceConsoleApp.Tests", "..\PersonalFinanceConsoleApp.Tests\PersonalFinanceConsoleApp.Tests.csproj", "{BFEE1A07-2E3C-4DF4-92C5-1063791ED0D1}"
	ProjectSection(ProjectDependencies) = postProject
		{B8E2648D-158E-4344-83C9-C52CC1A0E499} = {B8E2648D-158E-4344-83C9-C52CC1A0E499}
	EndProjectSection
EndProject
Global
	GlobalSection(SolutionConfigurationPlatforms) = preSolution
		Debug|Any CPU = Debug|Any CPU
		Release|Any CPU = Release|Any CPU
	EndGlobalSection
	GlobalSection(ProjectConfigurationPlatforms) = postSolution
		{B8E2648D-158E-4344-83C9-C52CC1A0E499}.Debug|Any CPU.ActiveCfg = Debug|Any CPU
		{B8E2648D-158E-4344-83C9-C52CC1A0E499}.Debug|Any CPU.Build.0 = Debug|Any CPU
		{B8E2648D-158E-4344-83C9-C52CC1A0E499}.Release|Any CPU.ActiveCfg = Release|Any CPU
		{B8E2648D-158E-4344-83C9-C52CC1A0E499}.Release|Any CPU.Build.0 = Release|Any CPU
		{BFEE1A07-2E3C-4DF4-92C5-1063791ED0D1}.Debug|Any CPU.ActiveCfg = Debug|Any CPU
		{BFEE1A07-2E3C-4DF4-92C5-1063791ED0D1}.Debug|Any CPU.Build.0 = Debug|Any CPU
		{BFEE1A07-2E3C-4DF4-92C5-1063791ED0D1}.Release|Any CPU.ActiveCfg = Release|Any CPU
		{BFEE1A07-2E3C-4DF4-92C5-1063791ED0D1}.Release|Any CPU.Build.0 = Release|Any CPU
	EndGlobalSection
	GlobalSection(SolutionProperties) = preSolution
		HideSolutionNode = FALSE
	EndGlobalSection
	GlobalSection(ExtensibilityGlobals) = postSolution
		SolutionGuid = {C4FD436F-0180-48D0-99D3-7FFDE8BE0B29}
	EndGlobalSection
EndGlobal
